
Microsoft Visual Studio Solution File, Format Version 12.00
# Visual Studio 15
VisualStudioVersion = 15.0.27428.2027
MinimumVisualStudioVersion = 10.0.40219.1
Project("{8BC9CEB8-8B4A-11D0-8D11-00A0C91BC942}") = "WindowsProject2", "WindowsProject2\WindowsProject2.vcxproj", "{B09C3294-C9F2-4626-ABDC-A2C1125F1AF6}"
EndProject
Global
	GlobalSection(SolutionConfigurationPlatforms) = preSolution
		Debug|x64 = Debug|x64
		Debug|x86 = Debug|x86
		Release|x64 = Release|x64
		Release|x86 = Release|x86
	EndGlobalSection
	GlobalSection(ProjectConfigurationPlatforms) = postSolution
		{B09C3294-C9F2-4626-ABDC-A2C1125F1AF6}.Debug|x64.ActiveCfg = Debug|x64
		{B09C3294-C9F2-4626-ABDC-A2C1125F1AF6}.Debug|x64.Build.0 = Debug|x64
		{B09C3294-C9F2-4626-ABDC-A2C1125F1AF6}.Debug|x86.ActiveCfg = Debug|Win32
		{B09C3294-C9F2-4626-ABDC-A2C1125F1AF6}.Debug|x86.Build.0 = Debug|Win32
		{B09C3294-C9F2-4626-ABDC-A2C1125F1AF6}.Release|x64.ActiveCfg = Release|x64
		{B09C3294-C9F2-4626-ABDC-A2C1125F1AF6}.Release|x64.Build.0 = Release|x64
		{B09C3294-C9F2-4626-ABDC-A2C1125F1AF6}.Release|x86.ActiveCfg = Release|Win32
		{B09C3294-C9F2-4626-ABDC-A2C1125F1AF6}.Release|x86.Build.0 = Release|Win32
	EndGlobalSection
	GlobalSection(SolutionProperties) = preSolution
		HideSolutionNode = FALSE
	EndGlobalSection
	GlobalSection(ExtensibilityGlobals) = postSolution
		SolutionGuid = {40E6980F-D4B7-488A-ADB2-EB0CB658E83D}
	EndGlobalSection
EndGlobal
